
Microsoft Visual Studio Solution File, Format Version 12.00
# Visual Studio Version 17
VisualStudioVersion = 17.5.002.0
MinimumVisualStudioVersion = 10.0.40219.1
Project("{9A19103F-16F7-4668-BE54-9A1E7A4F7556}") = "08-posicion_string", "08-posicion_string.csproj", "{3339724C-58A7-4E48-AF7C-28FF3849252A}"
EndProject
Global
	GlobalSection(SolutionConfigurationPlatforms) = preSolution
		Debug|Any CPU = Debug|Any CPU
		Release|Any CPU = Release|Any CPU
	EndGlobalSection
	GlobalSection(ProjectConfigurationPlatforms) = postSolution
		{3339724C-58A7-4E48-AF7C-28FF3849252A}.Debug|Any CPU.ActiveCfg = Debug|Any CPU
		{3339724C-58A7-4E48-AF7C-28FF3849252A}.Debug|Any CPU.Build.0 = Debug|Any CPU
		{3339724C-58A7-4E48-AF7C-28FF3849252A}.Release|Any CPU.ActiveCfg = Release|Any CPU
		{3339724C-58A7-4E48-AF7C-28FF3849252A}.Release|Any CPU.Build.0 = Release|Any CPU
	EndGlobalSection
	GlobalSection(SolutionProperties) = preSolution
		HideSolutionNode = FALSE
	EndGlobalSection
	GlobalSection(ExtensibilityGlobals) = postSolution
		SolutionGuid = {65A3BC9B-5D28-4814-B431-7EB1E80092A5}
	EndGlobalSection
EndGlobal
