
Microsoft Visual Studio Solution File, Format Version 12.00
# Visual Studio Version 17
VisualStudioVersion = 17.5.002.0
MinimumVisualStudioVersion = 10.0.40219.1
Project("{9A19103F-16F7-4668-BE54-9A1E7A4F7556}") = "10-Insertando", "10-Insertando.csproj", "{3FD2754E-0CE4-4523-9373-846BB640E687}"
EndProject
Global
	GlobalSection(SolutionConfigurationPlatforms) = preSolution
		Debug|Any CPU = Debug|Any CPU
		Release|Any CPU = Release|Any CPU
	EndGlobalSection
	GlobalSection(ProjectConfigurationPlatforms) = postSolution
		{3FD2754E-0CE4-4523-9373-846BB640E687}.Debug|Any CPU.ActiveCfg = Debug|Any CPU
		{3FD2754E-0CE4-4523-9373-846BB640E687}.Debug|Any CPU.Build.0 = Debug|Any CPU
		{3FD2754E-0CE4-4523-9373-846BB640E687}.Release|Any CPU.ActiveCfg = Release|Any CPU
		{3FD2754E-0CE4-4523-9373-846BB640E687}.Release|Any CPU.Build.0 = Release|Any CPU
	EndGlobalSection
	GlobalSection(SolutionProperties) = preSolution
		HideSolutionNode = FALSE
	EndGlobalSection
	GlobalSection(ExtensibilityGlobals) = postSolution
		SolutionGuid = {C7F16F69-91F7-457C-B279-6FB2C6611C82}
	EndGlobalSection
EndGlobal
