
Microsoft Visual Studio Solution File, Format Version 12.00
# Visual Studio Version 17
VisualStudioVersion = 17.5.002.0
MinimumVisualStudioVersion = 10.0.40219.1
Project("{9A19103F-16F7-4668-BE54-9A1E7A4F7556}") = "02-intMax_intMin", "02-intMax_intMin.csproj", "{BDEC04EA-08BF-4F5F-A0C2-E3CE52845FD3}"
EndProject
Global
	GlobalSection(SolutionConfigurationPlatforms) = preSolution
		Debug|Any CPU = Debug|Any CPU
		Release|Any CPU = Release|Any CPU
	EndGlobalSection
	GlobalSection(ProjectConfigurationPlatforms) = postSolution
		{BDEC04EA-08BF-4F5F-A0C2-E3CE52845FD3}.Debug|Any CPU.ActiveCfg = Debug|Any CPU
		{BDEC04EA-08BF-4F5F-A0C2-E3CE52845FD3}.Debug|Any CPU.Build.0 = Debug|Any CPU
		{BDEC04EA-08BF-4F5F-A0C2-E3CE52845FD3}.Release|Any CPU.ActiveCfg = Release|Any CPU
		{BDEC04EA-08BF-4F5F-A0C2-E3CE52845FD3}.Release|Any CPU.Build.0 = Release|Any CPU
	EndGlobalSection
	GlobalSection(SolutionProperties) = preSolution
		HideSolutionNode = FALSE
	EndGlobalSection
	GlobalSection(ExtensibilityGlobals) = postSolution
		SolutionGuid = {F8148364-90E4-45D2-AB9F-DF010E7105FB}
	EndGlobalSection
EndGlobal
