
Microsoft Visual Studio Solution File, Format Version 12.00
# Visual Studio Version 17
VisualStudioVersion = 17.5.002.0
MinimumVisualStudioVersion = 10.0.40219.1
Project("{9A19103F-16F7-4668-BE54-9A1E7A4F7556}") = "05-Invirtiendo", "05-Invirtiendo.csproj", "{BCCDC111-6F5A-4076-ACA9-4C79A2F33259}"
EndProject
Global
	GlobalSection(SolutionConfigurationPlatforms) = preSolution
		Debug|Any CPU = Debug|Any CPU
		Release|Any CPU = Release|Any CPU
	EndGlobalSection
	GlobalSection(ProjectConfigurationPlatforms) = postSolution
		{BCCDC111-6F5A-4076-ACA9-4C79A2F33259}.Debug|Any CPU.ActiveCfg = Debug|Any CPU
		{BCCDC111-6F5A-4076-ACA9-4C79A2F33259}.Debug|Any CPU.Build.0 = Debug|Any CPU
		{BCCDC111-6F5A-4076-ACA9-4C79A2F33259}.Release|Any CPU.ActiveCfg = Release|Any CPU
		{BCCDC111-6F5A-4076-ACA9-4C79A2F33259}.Release|Any CPU.Build.0 = Release|Any CPU
	EndGlobalSection
	GlobalSection(SolutionProperties) = preSolution
		HideSolutionNode = FALSE
	EndGlobalSection
	GlobalSection(ExtensibilityGlobals) = postSolution
		SolutionGuid = {88049821-A01C-40BC-974B-D27B25EDA70A}
	EndGlobalSection
EndGlobal
