
Microsoft Visual Studio Solution File, Format Version 12.00
# Visual Studio Version 17
VisualStudioVersion = 17.5.002.0
MinimumVisualStudioVersion = 10.0.40219.1
Project("{9A19103F-16F7-4668-BE54-9A1E7A4F7556}") = "11-ecuacion_cuadratica", "11-ecuacion_cuadratica.csproj", "{850F06D7-AA96-4045-B2C0-F95F17674464}"
EndProject
Global
	GlobalSection(SolutionConfigurationPlatforms) = preSolution
		Debug|Any CPU = Debug|Any CPU
		Release|Any CPU = Release|Any CPU
	EndGlobalSection
	GlobalSection(ProjectConfigurationPlatforms) = postSolution
		{850F06D7-AA96-4045-B2C0-F95F17674464}.Debug|Any CPU.ActiveCfg = Debug|Any CPU
		{850F06D7-AA96-4045-B2C0-F95F17674464}.Debug|Any CPU.Build.0 = Debug|Any CPU
		{850F06D7-AA96-4045-B2C0-F95F17674464}.Release|Any CPU.ActiveCfg = Release|Any CPU
		{850F06D7-AA96-4045-B2C0-F95F17674464}.Release|Any CPU.Build.0 = Release|Any CPU
	EndGlobalSection
	GlobalSection(SolutionProperties) = preSolution
		HideSolutionNode = FALSE
	EndGlobalSection
	GlobalSection(ExtensibilityGlobals) = postSolution
		SolutionGuid = {1F9FB020-C008-4DFE-A4C1-D4AD7180DB64}
	EndGlobalSection
EndGlobal
