
Microsoft Visual Studio Solution File, Format Version 12.00
# Visual Studio Version 17
VisualStudioVersion = 17.5.002.0
MinimumVisualStudioVersion = 10.0.40219.1
Project("{9A19103F-16F7-4668-BE54-9A1E7A4F7556}") = "09-intercambio_variables", "09-intercambio_variables.csproj", "{54AEC766-6E2B-4E97-93AE-2F7AAFE25AFB}"
EndProject
Global
	GlobalSection(SolutionConfigurationPlatforms) = preSolution
		Debug|Any CPU = Debug|Any CPU
		Release|Any CPU = Release|Any CPU
	EndGlobalSection
	GlobalSection(ProjectConfigurationPlatforms) = postSolution
		{54AEC766-6E2B-4E97-93AE-2F7AAFE25AFB}.Debug|Any CPU.ActiveCfg = Debug|Any CPU
		{54AEC766-6E2B-4E97-93AE-2F7AAFE25AFB}.Debug|Any CPU.Build.0 = Debug|Any CPU
		{54AEC766-6E2B-4E97-93AE-2F7AAFE25AFB}.Release|Any CPU.ActiveCfg = Release|Any CPU
		{54AEC766-6E2B-4E97-93AE-2F7AAFE25AFB}.Release|Any CPU.Build.0 = Release|Any CPU
	EndGlobalSection
	GlobalSection(SolutionProperties) = preSolution
		HideSolutionNode = FALSE
	EndGlobalSection
	GlobalSection(ExtensibilityGlobals) = postSolution
		SolutionGuid = {35E69072-B98F-4B88-8093-BAA58AFB9714}
	EndGlobalSection
EndGlobal
